
Microsoft Visual Studio Solution File, Format Version 12.00
# Visual Studio Version 17
VisualStudioVersion = 17.10.35027.167
MinimumVisualStudioVersion = 10.0.40219.1
Project("{FAE04EC0-301F-11D3-BF4B-00C04F79EFBC}") = "webFestRock", "webFestRock\webFestRock.csproj", "{9254F042-2F38-49F8-BCF1-1B100274CA4B}"
EndProject
Global
	GlobalSection(SolutionConfigurationPlatforms) = preSolution
		Debug|Any CPU = Debug|Any CPU
		Release|Any CPU = Release|Any CPU
	EndGlobalSection
	GlobalSection(ProjectConfigurationPlatforms) = postSolution
		{9254F042-2F38-49F8-BCF1-1B100274CA4B}.Debug|Any CPU.ActiveCfg = Debug|Any CPU
		{9254F042-2F38-49F8-BCF1-1B100274CA4B}.Debug|Any CPU.Build.0 = Debug|Any CPU
		{9254F042-2F38-49F8-BCF1-1B100274CA4B}.Release|Any CPU.ActiveCfg = Release|Any CPU
		{9254F042-2F38-49F8-BCF1-1B100274CA4B}.Release|Any CPU.Build.0 = Release|Any CPU
	EndGlobalSection
	GlobalSection(SolutionProperties) = preSolution
		HideSolutionNode = FALSE
	EndGlobalSection
	GlobalSection(ExtensibilityGlobals) = postSolution
		SolutionGuid = {341F0044-0212-4418-B30C-43966A78FF3D}
	EndGlobalSection
EndGlobal
